{
  "name": "server",
  "version": "1.0.0",
  "lockfileVersion": 3,
  "requires": true,
  "packages": {
    "": {
      "name": "server",
      "version": "1.0.0",
      "license": "ISC",
      "dependencies": {
        "bcryptjs": "^3.0.3",
        "body-parser": "^1.18.3",
        "cors": "^2.8.5",
        "edge": "^7.10.1",
        "express": "^4.16.4",
        "express-session": "^1.19.0",
        "fs-extra": "^9.1.0",
        "mssql": "^11.0.1",
        "nodemon": "^2.0.4",
        "ws": "^7.3.1"
      }
    },
    "node_modules/@azure-rest/core-client": {
      "version": "2.5.0",
      "license": "MIT",
      "dependencies": {
        "@azure/abort-controller": "^2.0.0",
        "@azure/core-auth": "^1.9.0",
        "@azure/core-rest-pipeline": "^1.5.0",
        "@azure/core-tracing": "^1.0.1",
        "@typespec/ts-http-runtime": "^0.3.0",
        "tslib": "^2.6.2"
      },
      "engines": {
        "node": ">=20.0.0"
      }
    },
    "node_modules/@azure/abort-controller": {
      "version": "2.1.2",
      "license": "MIT",
      "dependencies": {
        "tslib": "^2.6.2"
      },
      "engines": {
        "node": ">=18.0.0"
      }
    },
    "node_modules/@azure/core-auth": {
      "version": "1.10.0",
      "license": "MIT",
      "dependencies": {
        "@azure/abort-controller": "^2.0.0",
        "@azure/core-util": "^1.11.0",
        "tslib": "^2.6.2"
      },
      "engines": {
        "node": ">=20.0.0"
      }
    },
    "node_modules/@azure/core-client": {
      "version": "1.10.0",
      "license": "MIT",
      "dependencies": {
        "@azure/abort-controller": "^2.0.0",
        "@azure/core-auth": "^1.4.0",
        "@azure/core-rest-pipeline": "^1.20.0",
        "@azure/core-tracing": "^1.0.0",
        "@azure/core-util": "^1.6.1",
        "@azure/logger": "^1.0.0",
        "tslib": "^2.6.2"
      },
      "engines": {
        "node": ">=20.0.0"
      }
    },
    "node_modules/@azure/core-http-compat": {
      "version": "2.3.0",
      "license": "MIT",
      "dependencies": {
        "@azure/abort-controller": "^2.0.0",
        "@azure/core-client": "^1.3.0",
        "@azure/core-rest-pipeline": "^1.20.0"
      },
      "engines": {
        "node": ">=18.0.0"
      }
    },
    "node_modules/@azure/core-lro": {
      "version": "2.7.2",
      "license": "MIT",
      "dependencies": {
        "@azure/abort-controller": "^2.0.0",
        "@azure/core-util": "^1.2.0",
        "@azure/logger": "^1.0.0",
        "tslib": "^2.6.2"
      },
      "engines": {
        "node": ">=18.0.0"
      }
    },
    "node_modules/@azure/core-paging": {
      "version": "1.6.2",
      "license": "MIT",
      "dependencies": {
        "tslib": "^2.6.2"
      },
      "engines": {
        "node": ">=18.0.0"
      }
    },
    "node_modules/@azure/core-rest-pipeline": {
      "version": "1.22.0",
      "license": "MIT",
      "dependencies": {
        "@azure/abort-controller": "^2.0.0",
        "@azure/core-auth": "^1.8.0",
        "@azure/core-tracing": "^1.0.1",
        "@azure/core-util": "^1.11.0",
        "@azure/logger": "^1.0.0",
        "@typespec/ts-http-runtime": "^0.3.0",
        "tslib": "^2.6.2"
      },
      "engines": {
        "node": ">=20.0.0"
      }
    },
    "node_modules/@azure/core-tracing": {
      "version": "1.3.0",
      "license": "MIT",
      "dependencies": {
        "tslib": "^2.6.2"
      },
      "engines": {
        "node": ">=20.0.0"
      }
    },
    "node_modules/@azure/core-util": {
      "version": "1.13.0",
      "license": "MIT",
      "dependencies": {
        "@azure/abort-controller": "^2.0.0",
        "@typespec/ts-http-runtime": "^0.3.0",
        "tslib": "^2.6.2"
      },
      "engines": {
        "node": ">=20.0.0"
      }
    },
    "node_modules/@azure/identity": {
      "version": "4.11.1",
      "license": "MIT",
      "dependencies": {
        "@azure/abort-controller": "^2.0.0",
        "@azure/core-auth": "^1.9.0",
        "@azure/core-client": "^1.9.2",
        "@azure/core-rest-pipeline": "^1.17.0",
        "@azure/core-tracing": "^1.0.0",
        "@azure/core-util": "^1.11.0",
        "@azure/logger": "^1.0.0",
        "@azure/msal-browser": "^4.2.0",
        "@azure/msal-node": "^3.5.0",
        "open": "^10.1.0",
        "tslib": "^2.2.0"
      },
      "engines": {
        "node": ">=20.0.0"
      }
    },
    "node_modules/@azure/keyvault-common": {
      "version": "2.0.0",
      "license": "MIT",
      "dependencies": {
        "@azure/abort-controller": "^2.0.0",
        "@azure/core-auth": "^1.3.0",
        "@azure/core-client": "^1.5.0",
        "@azure/core-rest-pipeline": "^1.8.0",
        "@azure/core-tracing": "^1.0.0",
        "@azure/core-util": "^1.10.0",
        "@azure/logger": "^1.1.4",
        "tslib": "^2.2.0"
      },
      "engines": {
        "node": ">=18.0.0"
      }
    },
    "node_modules/@azure/keyvault-keys": {
      "version": "4.10.0",
      "license": "MIT",
      "dependencies": {
        "@azure-rest/core-client": "^2.3.3",
        "@azure/abort-controller": "^2.1.2",
        "@azure/core-auth": "^1.9.0",
        "@azure/core-http-compat": "^2.2.0",
        "@azure/core-lro": "^2.7.2",
        "@azure/core-paging": "^1.6.2",
        "@azure/core-rest-pipeline": "^1.19.0",
        "@azure/core-tracing": "^1.2.0",
        "@azure/core-util": "^1.11.0",
        "@azure/keyvault-common": "^2.0.0",
        "@azure/logger": "^1.1.4",
        "tslib": "^2.8.1"
      },
      "engines": {
        "node": ">=18.0.0"
      }
    },
    "node_modules/@azure/logger": {
      "version": "1.3.0",
      "license": "MIT",
      "dependencies": {
        "@typespec/ts-http-runtime": "^0.3.0",
        "tslib": "^2.6.2"
      },
      "engines": {
        "node": ">=20.0.0"
      }
    },
    "node_modules/@azure/msal-browser": {
      "version": "4.21.1",
      "license": "MIT",
      "dependencies": {
        "@azure/msal-common": "15.12.0"
      },
      "engines": {
        "node": ">=0.8.0"
      }
    },
    "node_modules/@azure/msal-common": {
      "version": "15.12.0",
      "license": "MIT",
      "engines": {
        "node": ">=0.8.0"
      }
    },
    "node_modules/@azure/msal-node": {
      "version": "3.7.3",
      "license": "MIT",
      "dependencies": {
        "@azure/msal-common": "15.12.0",
        "jsonwebtoken": "^9.0.0",
        "uuid": "^8.3.0"
      },
      "engines": {
        "node": ">=16"
      }
    },
    "node_modules/@js-joda/core": {
      "version": "5.6.5",
      "license": "BSD-3-Clause"
    },
    "node_modules/@tediousjs/connection-string": {
      "version": "0.5.0",
      "license": "MIT"
    },
    "node_modules/@types/node": {
      "version": "24.3.0",
      "license": "MIT",
      "dependencies": {
        "undici-types": "~7.10.0"
      }
    },
    "node_modules/@types/readable-stream": {
      "version": "4.0.21",
      "license": "MIT",
      "dependencies": {
        "@types/node": "*"
      }
    },
    "node_modules/@typespec/ts-http-runtime": {
      "version": "0.3.0",
      "license": "MIT",
      "dependencies": {
        "http-proxy-agent": "^7.0.0",
        "https-proxy-agent": "^7.0.0",
        "tslib": "^2.6.2"
      },
      "engines": {
        "node": ">=20.0.0"
      }
    },
    "node_modules/abort-controller": {
      "version": "3.0.0",
      "license": "MIT",
      "dependencies": {
        "event-target-shim": "^5.0.0"
      },
      "engines": {
        "node": ">=6.5"
      }
    },
    "node_modules/accepts": {
      "version": "1.3.8",
      "license": "MIT",
      "dependencies": {
        "mime-types": "~2.1.34",
        "negotiator": "0.6.3"
      },
      "engines": {
        "node": ">= 0.6"
      }
    },
    "node_modules/agent-base": {
      "version": "7.1.4",
      "license": "MIT",
      "engines": {
        "node": ">= 14"
      }
    },
    "node_modules/anymatch": {
      "version": "3.1.3",
      "license": "ISC",
      "dependencies": {
        "normalize-path": "^3.0.0",
        "picomatch": "^2.0.4"
      },
      "engines": {
        "node": ">= 8"
      }
    },
    "node_modules/array-flatten": {
      "version": "1.1.1",
      "license": "MIT"
    },
    "node_modules/at-least-node": {
      "version": "1.0.0",
      "license": "ISC",
      "engines": {
        "node": ">= 4.0.0"
      }
    },
    "node_modules/balanced-match": {
      "version": "1.0.2",
      "license": "MIT"
    },
    "node_modules/base64-js": {
      "version": "1.5.1",
      "funding": [
        {
          "type": "github",
          "url": "https://github.com/sponsors/feross"
        },
        {
          "type": "patreon",
          "url": "https://www.patreon.com/feross"
        },
        {
          "type": "consulting",
          "url": "https://feross.org/support"
        }
      ],
      "license": "MIT"
    },
    "node_modules/bcryptjs": {
      "version": "3.0.3",
      "resolved": "https://registry.npmjs.org/bcryptjs/-/bcryptjs-3.0.3.tgz",
      "integrity": "sha512-GlF5wPWnSa/X5LKM1o0wz0suXIINz1iHRLvTS+sLyi7XPbe5ycmYI3DlZqVGZZtDgl4DmasFg7gOB3JYbphV5g==",
      "license": "BSD-3-Clause",
      "bin": {
        "bcrypt": "bin/bcrypt"
      }
    },
    "node_modules/binary-extensions": {
      "version": "2.3.0",
      "license": "MIT",
      "engines": {
        "node": ">=8"
      },
      "funding": {
        "url": "https://github.com/sponsors/sindresorhus"
      }
    },
    "node_modules/bl": {
      "version": "6.1.2",
      "license": "MIT",
      "dependencies": {
        "@types/readable-stream": "^4.0.0",
        "buffer": "^6.0.3",
        "inherits": "^2.0.4",
        "readable-stream": "^4.2.0"
      }
    },
    "node_modules/body-parser": {
      "version": "1.20.3",
      "license": "MIT",
      "dependencies": {
        "bytes": "3.1.2",
        "content-type": "~1.0.5",
        "debug": "2.6.9",
        "depd": "2.0.0",
        "destroy": "1.2.0",
        "http-errors": "2.0.0",
        "iconv-lite": "0.4.24",
        "on-finished": "2.4.1",
        "qs": "6.13.0",
        "raw-body": "2.5.2",
        "type-is": "~1.6.18",
        "unpipe": "1.0.0"
      },
      "engines": {
        "node": ">= 0.8",
        "npm": "1.2.8000 || >= 1.4.16"
      }
    },
    "node_modules/brace-expansion": {
      "version": "1.1.11",
      "license": "MIT",
      "dependencies": {
        "balanced-match": "^1.0.0",
        "concat-map": "0.0.1"
      }
    },
    "node_modules/braces": {
      "version": "3.0.3",
      "license": "MIT",
      "dependencies": {
        "fill-range": "^7.1.1"
      },
      "engines": {
        "node": ">=8"
      }
    },
    "node_modules/buffer": {
      "version": "6.0.3",
      "funding": [
        {
          "type": "github",
          "url": "https://github.com/sponsors/feross"
        },
        {
          "type": "patreon",
          "url": "https://www.patreon.com/feross"
        },
        {
          "type": "consulting",
          "url": "https://feross.org/support"
        }
      ],
      "license": "MIT",
      "dependencies": {
        "base64-js": "^1.3.1",
        "ieee754": "^1.2.1"
      }
    },
    "node_modules/buffer-equal-constant-time": {
      "version": "1.0.1",
      "license": "BSD-3-Clause"
    },
    "node_modules/bundle-name": {
      "version": "4.1.0",
      "license": "MIT",
      "dependencies": {
        "run-applescript": "^7.0.0"
      },
      "engines": {
        "node": ">=18"
      },
      "funding": {
        "url": "https://github.com/sponsors/sindresorhus"
      }
    },
    "node_modules/bytes": {
      "version": "3.1.2",
      "license": "MIT",
      "engines": {
        "node": ">= 0.8"
      }
    },
    "node_modules/call-bind-apply-helpers": {
      "version": "1.0.1",
      "license": "MIT",
      "dependencies": {
        "es-errors": "^1.3.0",
        "function-bind": "^1.1.2"
      },
      "engines": {
        "node": ">= 0.4"
      }
    },
    "node_modules/call-bound": {
      "version": "1.0.3",
      "license": "MIT",
      "dependencies": {
        "call-bind-apply-helpers": "^1.0.1",
        "get-intrinsic": "^1.2.6"
      },
      "engines": {
        "node": ">= 0.4"
      },
      "funding": {
        "url": "https://github.com/sponsors/ljharb"
      }
    },
    "node_modules/chokidar": {
      "version": "3.6.0",
      "license": "MIT",
      "dependencies": {
        "anymatch": "~3.1.2",
        "braces": "~3.0.2",
        "glob-parent": "~5.1.2",
        "is-binary-path": "~2.1.0",
        "is-glob": "~4.0.1",
        "normalize-path": "~3.0.0",
        "readdirp": "~3.6.0"
      },
      "engines": {
        "node": ">= 8.10.0"
      },
      "funding": {
        "url": "https://paulmillr.com/funding/"
      },
      "optionalDependencies": {
        "fsevents": "~2.3.2"
      }
    },
    "node_modules/commander": {
      "version": "11.1.0",
      "license": "MIT",
      "engines": {
        "node": ">=16"
      }
    },
    "node_modules/concat-map": {
      "version": "0.0.1",
      "license": "MIT"
    },
    "node_modules/content-disposition": {
      "version": "0.5.4",
      "license": "MIT",
      "dependencies": {
        "safe-buffer": "5.2.1"
      },
      "engines": {
        "node": ">= 0.6"
      }
    },
    "node_modules/content-type": {
      "version": "1.0.5",
      "license": "MIT",
      "engines": {
        "node": ">= 0.6"
      }
    },
    "node_modules/cookie": {
      "version": "0.7.1",
      "license": "MIT",
      "engines": {
        "node": ">= 0.6"
      }
    },
    "node_modules/cookie-signature": {
      "version": "1.0.6",
      "license": "MIT"
    },
    "node_modules/cors": {
      "version": "2.8.5",
      "license": "MIT",
      "dependencies": {
        "object-assign": "^4",
        "vary": "^1"
      },
      "engines": {
        "node": ">= 0.10"
      }
    },
    "node_modules/debug": {
      "version": "2.6.9",
      "license": "MIT",
      "dependencies": {
        "ms": "2.0.0"
      }
    },
    "node_modules/default-browser": {
      "version": "5.2.1",
      "license": "MIT",
      "dependencies": {
        "bundle-name": "^4.1.0",
        "default-browser-id": "^5.0.0"
      },
      "engines": {
        "node": ">=18"
      },
      "funding": {
        "url": "https://github.com/sponsors/sindresorhus"
      }
    },
    "node_modules/default-browser-id": {
      "version": "5.0.0",
      "license": "MIT",
      "engines": {
        "node": ">=18"
      },
      "funding": {
        "url": "https://github.com/sponsors/sindresorhus"
      }
    },
    "node_modules/define-lazy-prop": {
      "version": "3.0.0",
      "license": "MIT",
      "engines": {
        "node": ">=12"
      },
      "funding": {
        "url": "https://github.com/sponsors/sindresorhus"
      }
    },
    "node_modules/depd": {
      "version": "2.0.0",
      "license": "MIT",
      "engines": {
        "node": ">= 0.8"
      }
    },
    "node_modules/destroy": {
      "version": "1.2.0",
      "license": "MIT",
      "engines": {
        "node": ">= 0.8",
        "npm": "1.2.8000 || >= 1.4.16"
      }
    },
    "node_modules/dunder-proto": {
      "version": "1.0.1",
      "license": "MIT",
      "dependencies": {
        "call-bind-apply-helpers": "^1.0.1",
        "es-errors": "^1.3.0",
        "gopd": "^1.2.0"
      },
      "engines": {
        "node": ">= 0.4"
      }
    },
    "node_modules/ecdsa-sig-formatter": {
      "version": "1.0.11",
      "license": "Apache-2.0",
      "dependencies": {
        "safe-buffer": "^5.0.1"
      }
    },
    "node_modules/edge": {
      "version": "7.10.1",
      "hasInstallScript": true,
      "dependencies": {
        "edge-cs": "1.2.1",
        "nan": "^2.0.9"
      },
      "engines": {
        "node": ">= 0.8"
      }
    },
    "node_modules/edge-cs": {
      "version": "1.2.1",
      "hasInstallScript": true,
      "engines": {
        "node": ">= 0.8"
      }
    },
    "node_modules/ee-first": {
      "version": "1.1.1",
      "license": "MIT"
    },
    "node_modules/encodeurl": {
      "version": "2.0.0",
      "license": "MIT",
      "engines": {
        "node": ">= 0.8"
      }
    },
    "node_modules/es-define-property": {
      "version": "1.0.1",
      "license": "MIT",
      "engines": {
        "node": ">= 0.4"
      }
    },
    "node_modules/es-errors": {
      "version": "1.3.0",
      "license": "MIT",
      "engines": {
        "node": ">= 0.4"
      }
    },
    "node_modules/es-object-atoms": {
      "version": "1.1.1",
      "license": "MIT",
      "dependencies": {
        "es-errors": "^1.3.0"
      },
      "engines": {
        "node": ">= 0.4"
      }
    },
    "node_modules/escape-html": {
      "version": "1.0.3",
      "license": "MIT"
    },
    "node_modules/etag": {
      "version": "1.8.1",
      "license": "MIT",
      "engines": {
        "node": ">= 0.6"
      }
    },
    "node_modules/event-target-shim": {
      "version": "5.0.1",
      "license": "MIT",
      "engines": {
        "node": ">=6"
      }
    },
    "node_modules/events": {
      "version": "3.3.0",
      "license": "MIT",
      "engines": {
        "node": ">=0.8.x"
      }
    },
    "node_modules/express": {
      "version": "4.21.2",
      "license": "MIT",
      "dependencies": {
        "accepts": "~1.3.8",
        "array-flatten": "1.1.1",
        "body-parser": "1.20.3",
        "content-disposition": "0.5.4",
        "content-type": "~1.0.4",
        "cookie": "0.7.1",
        "cookie-signature": "1.0.6",
        "debug": "2.6.9",
        "depd": "2.0.0",
        "encodeurl": "~2.0.0",
        "escape-html": "~1.0.3",
        "etag": "~1.8.1",
        "finalhandler": "1.3.1",
        "fresh": "0.5.2",
        "http-errors": "2.0.0",
        "merge-descriptors": "1.0.3",
        "methods": "~1.1.2",
        "on-finished": "2.4.1",
        "parseurl": "~1.3.3",
        "path-to-regexp": "0.1.12",
        "proxy-addr": "~2.0.7",
        "qs": "6.13.0",
        "range-parser": "~1.2.1",
        "safe-buffer": "5.2.1",
        "send": "0.19.0",
        "serve-static": "1.16.2",
        "setprototypeof": "1.2.0",
        "statuses": "2.0.1",
        "type-is": "~1.6.18",
        "utils-merge": "1.0.1",
        "vary": "~1.1.2"
      },
      "engines": {
        "node": ">= 0.10.0"
      },
      "funding": {
        "type": "opencollective",
        "url": "https://opencollective.com/express"
      }
    },
    "node_modules/express-session": {
      "version": "1.19.0",
      "resolved": "https://registry.npmjs.org/express-session/-/express-session-1.19.0.tgz",
      "integrity": "sha512-0csaMkGq+vaiZTmSMMGkfdCOabYv192VbytFypcvI0MANrp+4i/7yEkJ0sbAEhycQjntaKGzYfjfXQyVb7BHMA==",
      "license": "MIT",
      "dependencies": {
        "cookie": "~0.7.2",
        "cookie-signature": "~1.0.7",
        "debug": "~2.6.9",
        "depd": "~2.0.0",
        "on-headers": "~1.1.0",
        "parseurl": "~1.3.3",
        "safe-buffer": "~5.2.1",
        "uid-safe": "~2.1.5"
      },
      "engines": {
        "node": ">= 0.8.0"
      },
      "funding": {
        "type": "opencollective",
        "url": "https://opencollective.com/express"
      }
    },
    "node_modules/express-session/node_modules/cookie": {
      "version": "0.7.2",
      "resolved": "https://registry.npmjs.org/cookie/-/cookie-0.7.2.tgz",
      "integrity": "sha512-yki5XnKuf750l50uGTllt6kKILY4nQ1eNIQatoXEByZ5dWgnKqbnqmTrBE5B4N7lrMJKQ2ytWMiTO2o0v6Ew/w==",
      "license": "MIT",
      "engines": {
        "node": ">= 0.6"
      }
    },
    "node_modules/express-session/node_modules/cookie-signature": {
      "version": "1.0.7",
      "resolved": "https://registry.npmjs.org/cookie-signature/-/cookie-signature-1.0.7.tgz",
      "integrity": "sha512-NXdYc3dLr47pBkpUCHtKSwIOQXLVn8dZEuywboCOJY/osA0wFSLlSawr3KN8qXJEyX66FcONTH8EIlVuK0yyFA==",
      "license": "MIT"
    },
    "node_modules/fill-range": {
      "version": "7.1.1",
      "license": "MIT",
      "dependencies": {
        "to-regex-range": "^5.0.1"
      },
      "engines": {
        "node": ">=8"
      }
    },
    "node_modules/finalhandler": {
      "version": "1.3.1",
      "license": "MIT",
      "dependencies": {
        "debug": "2.6.9",
        "encodeurl": "~2.0.0",
        "escape-html": "~1.0.3",
        "on-finished": "2.4.1",
        "parseurl": "~1.3.3",
        "statuses": "2.0.1",
        "unpipe": "~1.0.0"
      },
      "engines": {
        "node": ">= 0.8"
      }
    },
    "node_modules/forwarded": {
      "version": "0.2.0",
      "license": "MIT",
      "engines": {
        "node": ">= 0.6"
      }
    },
    "node_modules/fresh": {
      "version": "0.5.2",
      "license": "MIT",
      "engines": {
        "node": ">= 0.6"
      }
    },
    "node_modules/fs-extra": {
      "version": "9.1.0",
      "license": "MIT",
      "dependencies": {
        "at-least-node": "^1.0.0",
        "graceful-fs": "^4.2.0",
        "jsonfile": "^6.0.1",
        "universalify": "^2.0.0"
      },
      "engines": {
        "node": ">=10"
      }
    },
    "node_modules/fsevents": {
      "version": "2.3.3",
      "resolved": "https://registry.npmjs.org/fsevents/-/fsevents-2.3.3.tgz",
      "integrity": "sha512-5xoDfX+fL7faATnagmWPpbFtwh/R77WmMMqqHGS65C3vvB0YHrgF+B1YmZ3441tMj5n63k0212XNoJwzlhffQw==",
      "hasInstallScript": true,
      "license": "MIT",
      "optional": true,
      "os": [
        "darwin"
      ],
      "engines": {
        "node": "^8.16.0 || ^10.6.0 || >=11.0.0"
      }
    },
    "node_modules/function-bind": {
      "version": "1.1.2",
      "license": "MIT",
      "funding": {
        "url": "https://github.com/sponsors/ljharb"
      }
    },
    "node_modules/get-intrinsic": {
      "version": "1.2.7",
      "license": "MIT",
      "dependencies": {
        "call-bind-apply-helpers": "^1.0.1",
        "es-define-property": "^1.0.1",
        "es-errors": "^1.3.0",
        "es-object-atoms": "^1.0.0",
        "function-bind": "^1.1.2",
        "get-proto": "^1.0.0",
        "gopd": "^1.2.0",
        "has-symbols": "^1.1.0",
        "hasown": "^2.0.2",
        "math-intrinsics": "^1.1.0"
      },
      "engines": {
        "node": ">= 0.4"
      },
      "funding": {
        "url": "https://github.com/sponsors/ljharb"
      }
    },
    "node_modules/get-proto": {
      "version": "1.0.1",
      "license": "MIT",
      "dependencies": {
        "dunder-proto": "^1.0.1",
        "es-object-atoms": "^1.0.0"
      },
      "engines": {
        "node": ">= 0.4"
      }
    },
    "node_modules/glob-parent": {
      "version": "5.1.2",
      "license": "ISC",
      "dependencies": {
        "is-glob": "^4.0.1"
      },
      "engines": {
        "node": ">= 6"
      }
    },
    "node_modules/gopd": {
      "version": "1.2.0",
      "license": "MIT",
      "engines": {
        "node": ">= 0.4"
      },
      "funding": {
        "url": "https://github.com/sponsors/ljharb"
      }
    },
    "node_modules/graceful-fs": {
      "version": "4.2.11",
      "license": "ISC"
    },
    "node_modules/has-flag": {
      "version": "3.0.0",
      "license": "MIT",
      "engines": {
        "node": ">=4"
      }
    },
    "node_modules/has-symbols": {
      "version": "1.1.0",
      "license": "MIT",
      "engines": {
        "node": ">= 0.4"
      },
      "funding": {
        "url": "https://github.com/sponsors/ljharb"
      }
    },
    "node_modules/hasown": {
      "version": "2.0.2",
      "license": "MIT",
      "dependencies": {
        "function-bind": "^1.1.2"
      },
      "engines": {
        "node": ">= 0.4"
      }
    },
    "node_modules/http-errors": {
      "version": "2.0.0",
      "license": "MIT",
      "dependencies": {
        "depd": "2.0.0",
        "inherits": "2.0.4",
        "setprototypeof": "1.2.0",
        "statuses": "2.0.1",
        "toidentifier": "1.0.1"
      },
      "engines": {
        "node": ">= 0.8"
      }
    },
    "node_modules/http-proxy-agent": {
      "version": "7.0.2",
      "license": "MIT",
      "dependencies": {
        "agent-base": "^7.1.0",
        "debug": "^4.3.4"
      },
      "engines": {
        "node": ">= 14"
      }
    },
    "node_modules/http-proxy-agent/node_modules/debug": {
      "version": "4.4.1",
      "license": "MIT",
      "dependencies": {
        "ms": "^2.1.3"
      },
      "engines": {
        "node": ">=6.0"
      },
      "peerDependenciesMeta": {
        "supports-color": {
          "optional": true
        }
      }
    },
    "node_modules/http-proxy-agent/node_modules/ms": {
      "version": "2.1.3",
      "license": "MIT"
    },
    "node_modules/https-proxy-agent": {
      "version": "7.0.6",
      "license": "MIT",
      "dependencies": {
        "agent-base": "^7.1.2",
        "debug": "4"
      },
      "engines": {
        "node": ">= 14"
      }
    },
    "node_modules/https-proxy-agent/node_modules/debug": {
      "version": "4.4.1",
      "license": "MIT",
      "dependencies": {
        "ms": "^2.1.3"
      },
      "engines": {
        "node": ">=6.0"
      },
      "peerDependenciesMeta": {
        "supports-color": {
          "optional": true
        }
      }
    },
    "node_modules/https-proxy-agent/node_modules/ms": {
      "version": "2.1.3",
      "license": "MIT"
    },
    "node_modules/iconv-lite": {
      "version": "0.4.24",
      "license": "MIT",
      "dependencies": {
        "safer-buffer": ">= 2.1.2 < 3"
      },
      "engines": {
        "node": ">=0.10.0"
      }
    },
    "node_modules/ieee754": {
      "version": "1.2.1",
      "funding": [
        {
          "type": "github",
          "url": "https://github.com/sponsors/feross"
        },
        {
          "type": "patreon",
          "url": "https://www.patreon.com/feross"
        },
        {
          "type": "consulting",
          "url": "https://feross.org/support"
        }
      ],
      "license": "BSD-3-Clause"
    },
    "node_modules/ignore-by-default": {
      "version": "1.0.1",
      "license": "ISC"
    },
    "node_modules/inherits": {
      "version": "2.0.4",
      "license": "ISC"
    },
    "node_modules/ipaddr.js": {
      "version": "1.9.1",
      "license": "MIT",
      "engines": {
        "node": ">= 0.10"
      }
    },
    "node_modules/is-binary-path": {
      "version": "2.1.0",
      "license": "MIT",
      "dependencies": {
        "binary-extensions": "^2.0.0"
      },
      "engines": {
        "node": ">=8"
      }
    },
    "node_modules/is-docker": {
      "version": "3.0.0",
      "license": "MIT",
      "bin": {
        "is-docker": "cli.js"
      },
      "engines": {
        "node": "^12.20.0 || ^14.13.1 || >=16.0.0"
      },
      "funding": {
        "url": "https://github.com/sponsors/sindresorhus"
      }
    },
    "node_modules/is-extglob": {
      "version": "2.1.1",
      "license": "MIT",
      "engines": {
        "node": ">=0.10.0"
      }
    },
    "node_modules/is-glob": {
      "version": "4.0.3",
      "license": "MIT",
      "dependencies": {
        "is-extglob": "^2.1.1"
      },
      "engines": {
        "node": ">=0.10.0"
      }
    },
    "node_modules/is-inside-container": {
      "version": "1.0.0",
      "license": "MIT",
      "dependencies": {
        "is-docker": "^3.0.0"
      },
      "bin": {
        "is-inside-container": "cli.js"
      },
      "engines": {
        "node": ">=14.16"
      },
      "funding": {
        "url": "https://github.com/sponsors/sindresorhus"
      }
    },
    "node_modules/is-number": {
      "version": "7.0.0",
      "license": "MIT",
      "engines": {
        "node": ">=0.12.0"
      }
    },
    "node_modules/is-wsl": {
      "version": "3.1.0",
      "license": "MIT",
      "dependencies": {
        "is-inside-container": "^1.0.0"
      },
      "engines": {
        "node": ">=16"
      },
      "funding": {
        "url": "https://github.com/sponsors/sindresorhus"
      }
    },
    "node_modules/js-md4": {
      "version": "0.3.2",
      "license": "MIT"
    },
    "node_modules/jsonfile": {
      "version": "6.1.0",
      "license": "MIT",
      "dependencies": {
        "universalify": "^2.0.0"
      },
      "optionalDependencies": {
        "graceful-fs": "^4.1.6"
      }
    },
    "node_modules/jsonwebtoken": {
      "version": "9.0.2",
      "license": "MIT",
      "dependencies": {
        "jws": "^3.2.2",
        "lodash.includes": "^4.3.0",
        "lodash.isboolean": "^3.0.3",
        "lodash.isinteger": "^4.0.4",
        "lodash.isnumber": "^3.0.3",
        "lodash.isplainobject": "^4.0.6",
        "lodash.isstring": "^4.0.1",
        "lodash.once": "^4.0.0",
        "ms": "^2.1.1",
        "semver": "^7.5.4"
      },
      "engines": {
        "node": ">=12",
        "npm": ">=6"
      }
    },
    "node_modules/jsonwebtoken/node_modules/ms": {
      "version": "2.1.3",
      "license": "MIT"
    },
    "node_modules/jsonwebtoken/node_modules/semver": {
      "version": "7.7.2",
      "license": "ISC",
      "bin": {
        "semver": "bin/semver.js"
      },
      "engines": {
        "node": ">=10"
      }
    },
    "node_modules/jwa": {
      "version": "1.4.2",
      "license": "MIT",
      "dependencies": {
        "buffer-equal-constant-time": "^1.0.1",
        "ecdsa-sig-formatter": "1.0.11",
        "safe-buffer": "^5.0.1"
      }
    },
    "node_modules/jws": {
      "version": "3.2.2",
      "license": "MIT",
      "dependencies": {
        "jwa": "^1.4.1",
        "safe-buffer": "^5.0.1"
      }
    },
    "node_modules/lodash.includes": {
      "version": "4.3.0",
      "license": "MIT"
    },
    "node_modules/lodash.isboolean": {
      "version": "3.0.3",
      "license": "MIT"
    },
    "node_modules/lodash.isinteger": {
      "version": "4.0.4",
      "license": "MIT"
    },
    "node_modules/lodash.isnumber": {
      "version": "3.0.3",
      "license": "MIT"
    },
    "node_modules/lodash.isplainobject": {
      "version": "4.0.6",
      "license": "MIT"
    },
    "node_modules/lodash.isstring": {
      "version": "4.0.1",
      "license": "MIT"
    },
    "node_modules/lodash.once": {
      "version": "4.1.1",
      "license": "MIT"
    },
    "node_modules/math-intrinsics": {
      "version": "1.1.0",
      "license": "MIT",
      "engines": {
        "node": ">= 0.4"
      }
    },
    "node_modules/media-typer": {
      "version": "0.3.0",
      "license": "MIT",
      "engines": {
        "node": ">= 0.6"
      }
    },
    "node_modules/merge-descriptors": {
      "version": "1.0.3",
      "license": "MIT",
      "funding": {
        "url": "https://github.com/sponsors/sindresorhus"
      }
    },
    "node_modules/methods": {
      "version": "1.1.2",
      "license": "MIT",
      "engines": {
        "node": ">= 0.6"
      }
    },
    "node_modules/mime": {
      "version": "1.6.0",
      "license": "MIT",
      "bin": {
        "mime": "cli.js"
      },
      "engines": {
        "node": ">=4"
      }
    },
    "node_modules/mime-db": {
      "version": "1.52.0",
      "license": "MIT",
      "engines": {
        "node": ">= 0.6"
      }
    },
    "node_modules/mime-types": {
      "version": "2.1.35",
      "license": "MIT",
      "dependencies": {
        "mime-db": "1.52.0"
      },
      "engines": {
        "node": ">= 0.6"
      }
    },
    "node_modules/minimatch": {
      "version": "3.1.2",
      "license": "ISC",
      "dependencies": {
        "brace-expansion": "^1.1.7"
      },
      "engines": {
        "node": "*"
      }
    },
    "node_modules/ms": {
      "version": "2.0.0",
      "license": "MIT"
    },
    "node_modules/mssql": {
      "version": "11.0.1",
      "license": "MIT",
      "dependencies": {
        "@tediousjs/connection-string": "^0.5.0",
        "commander": "^11.0.0",
        "debug": "^4.3.3",
        "rfdc": "^1.3.0",
        "tarn": "^3.0.2",
        "tedious": "^18.2.1"
      },
      "bin": {
        "mssql": "bin/mssql"
      },
      "engines": {
        "node": ">=18"
      }
    },
    "node_modules/mssql/node_modules/debug": {
      "version": "4.4.1",
      "license": "MIT",
      "dependencies": {
        "ms": "^2.1.3"
      },
      "engines": {
        "node": ">=6.0"
      },
      "peerDependenciesMeta": {
        "supports-color": {
          "optional": true
        }
      }
    },
    "node_modules/mssql/node_modules/ms": {
      "version": "2.1.3",
      "license": "MIT"
    },
    "node_modules/nan": {
      "version": "2.22.2",
      "license": "MIT"
    },
    "node_modules/native-duplexpair": {
      "version": "1.0.0",
      "license": "MIT"
    },
    "node_modules/negotiator": {
      "version": "0.6.3",
      "license": "MIT",
      "engines": {
        "node": ">= 0.6"
      }
    },
    "node_modules/nodemon": {
      "version": "2.0.22",
      "license": "MIT",
      "dependencies": {
        "chokidar": "^3.5.2",
        "debug": "^3.2.7",
        "ignore-by-default": "^1.0.1",
        "minimatch": "^3.1.2",
        "pstree.remy": "^1.1.8",
        "semver": "^5.7.1",
        "simple-update-notifier": "^1.0.7",
        "supports-color": "^5.5.0",
        "touch": "^3.1.0",
        "undefsafe": "^2.0.5"
      },
      "bin": {
        "nodemon": "bin/nodemon.js"
      },
      "engines": {
        "node": ">=8.10.0"
      },
      "funding": {
        "type": "opencollective",
        "url": "https://opencollective.com/nodemon"
      }
    },
    "node_modules/nodemon/node_modules/debug": {
      "version": "3.2.7",
      "license": "MIT",
      "dependencies": {
        "ms": "^2.1.1"
      }
    },
    "node_modules/nodemon/node_modules/ms": {
      "version": "2.1.3",
      "license": "MIT"
    },
    "node_modules/normalize-path": {
      "version": "3.0.0",
      "license": "MIT",
      "engines": {
        "node": ">=0.10.0"
      }
    },
    "node_modules/object-assign": {
      "version": "4.1.1",
      "license": "MIT",
      "engines": {
        "node": ">=0.10.0"
      }
    },
    "node_modules/object-inspect": {
      "version": "1.13.3",
      "license": "MIT",
      "engines": {
        "node": ">= 0.4"
      },
      "funding": {
        "url": "https://github.com/sponsors/ljharb"
      }
    },
    "node_modules/on-finished": {
      "version": "2.4.1",
      "license": "MIT",
      "dependencies": {
        "ee-first": "1.1.1"
      },
      "engines": {
        "node": ">= 0.8"
      }
    },
    "node_modules/on-headers": {
      "version": "1.1.0",
      "resolved": "https://registry.npmjs.org/on-headers/-/on-headers-1.1.0.tgz",
      "integrity": "sha512-737ZY3yNnXy37FHkQxPzt4UZ2UWPWiCZWLvFZ4fu5cueciegX0zGPnrlY6bwRg4FdQOe9YU8MkmJwGhoMybl8A==",
      "license": "MIT",
      "engines": {
        "node": ">= 0.8"
      }
    },
    "node_modules/open": {
      "version": "10.2.0",
      "license": "MIT",
      "dependencies": {
        "default-browser": "^5.2.1",
        "define-lazy-prop": "^3.0.0",
        "is-inside-container": "^1.0.0",
        "wsl-utils": "^0.1.0"
      },
      "engines": {
        "node": ">=18"
      },
      "funding": {
        "url": "https://github.com/sponsors/sindresorhus"
      }
    },
    "node_modules/parseurl": {
      "version": "1.3.3",
      "license": "MIT",
      "engines": {
        "node": ">= 0.8"
      }
    },
    "node_modules/path-to-regexp": {
      "version": "0.1.12",
      "license": "MIT"
    },
    "node_modules/picomatch": {
      "version": "2.3.1",
      "license": "MIT",
      "engines": {
        "node": ">=8.6"
      },
      "funding": {
        "url": "https://github.com/sponsors/jonschlinkert"
      }
    },
    "node_modules/process": {
      "version": "0.11.10",
      "license": "MIT",
      "engines": {
        "node": ">= 0.6.0"
      }
    },
    "node_modules/proxy-addr": {
      "version": "2.0.7",
      "license": "MIT",
      "dependencies": {
        "forwarded": "0.2.0",
        "ipaddr.js": "1.9.1"
      },
      "engines": {
        "node": ">= 0.10"
      }
    },
    "node_modules/pstree.remy": {
      "version": "1.1.8",
      "license": "MIT"
    },
    "node_modules/qs": {
      "version": "6.13.0",
      "license": "BSD-3-Clause",
      "dependencies": {
        "side-channel": "^1.0.6"
      },
      "engines": {
        "node": ">=0.6"
      },
      "funding": {
        "url": "https://github.com/sponsors/ljharb"
      }
    },
    "node_modules/random-bytes": {
      "version": "1.0.0",
      "resolved": "https://registry.npmjs.org/random-bytes/-/random-bytes-1.0.0.tgz",
      "integrity": "sha512-iv7LhNVO047HzYR3InF6pUcUsPQiHTM1Qal51DcGSuZFBil1aBBWG5eHPNek7bvILMaYJ/8RU1e8w1AMdHmLQQ==",
      "license": "MIT",
      "engines": {
        "node": ">= 0.8"
      }
    },
    "node_modules/range-parser": {
      "version": "1.2.1",
      "license": "MIT",
      "engines": {
        "node": ">= 0.6"
      }
    },
    "node_modules/raw-body": {
      "version": "2.5.2",
      "license": "MIT",
      "dependencies": {
        "bytes": "3.1.2",
        "http-errors": "2.0.0",
        "iconv-lite": "0.4.24",
        "unpipe": "1.0.0"
      },
      "engines": {
        "node": ">= 0.8"
      }
    },
    "node_modules/readable-stream": {
      "version": "4.7.0",
      "license": "MIT",
      "dependencies": {
        "abort-controller": "^3.0.0",
        "buffer": "^6.0.3",
        "events": "^3.3.0",
        "process": "^0.11.10",
        "string_decoder": "^1.3.0"
      },
      "engines": {
        "node": "^12.22.0 || ^14.17.0 || >=16.0.0"
      }
    },
    "node_modules/readdirp": {
      "version": "3.6.0",
      "license": "MIT",
      "dependencies": {
        "picomatch": "^2.2.1"
      },
      "engines": {
        "node": ">=8.10.0"
      }
    },
    "node_modules/rfdc": {
      "version": "1.4.1",
      "license": "MIT"
    },
    "node_modules/run-applescript": {
      "version": "7.0.0",
      "license": "MIT",
      "engines": {
        "node": ">=18"
      },
      "funding": {
        "url": "https://github.com/sponsors/sindresorhus"
      }
    },
    "node_modules/safe-buffer": {
      "version": "5.2.1",
      "funding": [
        {
          "type": "github",
          "url": "https://github.com/sponsors/feross"
        },
        {
          "type": "patreon",
          "url": "https://www.patreon.com/feross"
        },
        {
          "type": "consulting",
          "url": "https://feross.org/support"
        }
      ],
      "license": "MIT"
    },
    "node_modules/safer-buffer": {
      "version": "2.1.2",
      "license": "MIT"
    },
    "node_modules/semver": {
      "version": "5.7.2",
      "license": "ISC",
      "bin": {
        "semver": "bin/semver"
      }
    },
    "node_modules/send": {
      "version": "0.19.0",
      "license": "MIT",
      "dependencies": {
        "debug": "2.6.9",
        "depd": "2.0.0",
        "destroy": "1.2.0",
        "encodeurl": "~1.0.2",
        "escape-html": "~1.0.3",
        "etag": "~1.8.1",
        "fresh": "0.5.2",
        "http-errors": "2.0.0",
        "mime": "1.6.0",
        "ms": "2.1.3",
        "on-finished": "2.4.1",
        "range-parser": "~1.2.1",
        "statuses": "2.0.1"
      },
      "engines": {
        "node": ">= 0.8.0"
      }
    },
    "node_modules/send/node_modules/encodeurl": {
      "version": "1.0.2",
      "license": "MIT",
      "engines": {
        "node": ">= 0.8"
      }
    },
    "node_modules/send/node_modules/ms": {
      "version": "2.1.3",
      "license": "MIT"
    },
    "node_modules/serve-static": {
      "version": "1.16.2",
      "license": "MIT",
      "dependencies": {
        "encodeurl": "~2.0.0",
        "escape-html": "~1.0.3",
        "parseurl": "~1.3.3",
        "send": "0.19.0"
      },
      "engines": {
        "node": ">= 0.8.0"
      }
    },
    "node_modules/setprototypeof": {
      "version": "1.2.0",
      "license": "ISC"
    },
    "node_modules/side-channel": {
      "version": "1.1.0",
      "license": "MIT",
      "dependencies": {
        "es-errors": "^1.3.0",
        "object-inspect": "^1.13.3",
        "side-channel-list": "^1.0.0",
        "side-channel-map": "^1.0.1",
        "side-channel-weakmap": "^1.0.2"
      },
      "engines": {
        "node": ">= 0.4"
      },
      "funding": {
        "url": "https://github.com/sponsors/ljharb"
      }
    },
    "node_modules/side-channel-list": {
      "version": "1.0.0",
      "license": "MIT",
      "dependencies": {
        "es-errors": "^1.3.0",
        "object-inspect": "^1.13.3"
      },
      "engines": {
        "node": ">= 0.4"
      },
      "funding": {
        "url": "https://github.com/sponsors/ljharb"
      }
    },
    "node_modules/side-channel-map": {
      "version": "1.0.1",
      "license": "MIT",
      "dependencies": {
        "call-bound": "^1.0.2",
        "es-errors": "^1.3.0",
        "get-intrinsic": "^1.2.5",
        "object-inspect": "^1.13.3"
      },
      "engines": {
        "node": ">= 0.4"
      },
      "funding": {
        "url": "https://github.com/sponsors/ljharb"
      }
    },
    "node_modules/side-channel-weakmap": {
      "version": "1.0.2",
      "license": "MIT",
      "dependencies": {
        "call-bound": "^1.0.2",
        "es-errors": "^1.3.0",
        "get-intrinsic": "^1.2.5",
        "object-inspect": "^1.13.3",
        "side-channel-map": "^1.0.1"
      },
      "engines": {
        "node": ">= 0.4"
      },
      "funding": {
        "url": "https://github.com/sponsors/ljharb"
      }
    },
    "node_modules/simple-update-notifier": {
      "version": "1.1.0",
      "license": "MIT",
      "dependencies": {
        "semver": "~7.0.0"
      },
      "engines": {
        "node": ">=8.10.0"
      }
    },
    "node_modules/simple-update-notifier/node_modules/semver": {
      "version": "7.0.0",
      "license": "ISC",
      "bin": {
        "semver": "bin/semver.js"
      }
    },
    "node_modules/sprintf-js": {
      "version": "1.1.3",
      "license": "BSD-3-Clause"
    },
    "node_modules/statuses": {
      "version": "2.0.1",
      "license": "MIT",
      "engines": {
        "node": ">= 0.8"
      }
    },
    "node_modules/string_decoder": {
      "version": "1.3.0",
      "license": "MIT",
      "dependencies": {
        "safe-buffer": "~5.2.0"
      }
    },
    "node_modules/supports-color": {
      "version": "5.5.0",
      "license": "MIT",
      "dependencies": {
        "has-flag": "^3.0.0"
      },
      "engines": {
        "node": ">=4"
      }
    },
    "node_modules/tarn": {
      "version": "3.0.2",
      "license": "MIT",
      "engines": {
        "node": ">=8.0.0"
      }
    },
    "node_modules/tedious": {
      "version": "18.6.1",
      "license": "MIT",
      "dependencies": {
        "@azure/core-auth": "^1.7.2",
        "@azure/identity": "^4.2.1",
        "@azure/keyvault-keys": "^4.4.0",
        "@js-joda/core": "^5.6.1",
        "@types/node": ">=18",
        "bl": "^6.0.11",
        "iconv-lite": "^0.6.3",
        "js-md4": "^0.3.2",
        "native-duplexpair": "^1.0.0",
        "sprintf-js": "^1.1.3"
      },
      "engines": {
        "node": ">=18"
      }
    },
    "node_modules/tedious/node_modules/iconv-lite": {
      "version": "0.6.3",
      "license": "MIT",
      "dependencies": {
        "safer-buffer": ">= 2.1.2 < 3.0.0"
      },
      "engines": {
        "node": ">=0.10.0"
      }
    },
    "node_modules/to-regex-range": {
      "version": "5.0.1",
      "license": "MIT",
      "dependencies": {
        "is-number": "^7.0.0"
      },
      "engines": {
        "node": ">=8.0"
      }
    },
    "node_modules/toidentifier": {
      "version": "1.0.1",
      "license": "MIT",
      "engines": {
        "node": ">=0.6"
      }
    },
    "node_modules/touch": {
      "version": "3.1.1",
      "license": "ISC",
      "bin": {
        "nodetouch": "bin/nodetouch.js"
      }
    },
    "node_modules/tslib": {
      "version": "2.8.1",
      "license": "0BSD"
    },
    "node_modules/type-is": {
      "version": "1.6.18",
      "license": "MIT",
      "dependencies": {
        "media-typer": "0.3.0",
        "mime-types": "~2.1.24"
      },
      "engines": {
        "node": ">= 0.6"
      }
    },
    "node_modules/uid-safe": {
      "version": "2.1.5",
      "resolved": "https://registry.npmjs.org/uid-safe/-/uid-safe-2.1.5.tgz",
      "integrity": "sha512-KPHm4VL5dDXKz01UuEd88Df+KzynaohSL9fBh096KWAxSKZQDI2uBrVqtvRM4rwrIrRRKsdLNML/lnaaVSRioA==",
      "license": "MIT",
      "dependencies": {
        "random-bytes": "~1.0.0"
      },
      "engines": {
        "node": ">= 0.8"
      }
    },
    "node_modules/undefsafe": {
      "version": "2.0.5",
      "license": "MIT"
    },
    "node_modules/undici-types": {
      "version": "7.10.0",
      "license": "MIT"
    },
    "node_modules/universalify": {
      "version": "2.0.1",
      "license": "MIT",
      "engines": {
        "node": ">= 10.0.0"
      }
    },
    "node_modules/unpipe": {
      "version": "1.0.0",
      "license": "MIT",
      "engines": {
        "node": ">= 0.8"
      }
    },
    "node_modules/utils-merge": {
      "version": "1.0.1",
      "license": "MIT",
      "engines": {
        "node": ">= 0.4.0"
      }
    },
    "node_modules/uuid": {
      "version": "8.3.2",
      "license": "MIT",
      "bin": {
        "uuid": "dist/bin/uuid"
      }
    },
    "node_modules/vary": {
      "version": "1.1.2",
      "license": "MIT",
      "engines": {
        "node": ">= 0.8"
      }
    },
    "node_modules/ws": {
      "version": "7.5.10",
      "license": "MIT",
      "engines": {
        "node": ">=8.3.0"
      },
      "peerDependencies": {
        "bufferutil": "^4.0.1",
        "utf-8-validate": "^5.0.2"
      },
      "peerDependenciesMeta": {
        "bufferutil": {
          "optional": true
        },
        "utf-8-validate": {
          "optional": true
        }
      }
    },
    "node_modules/wsl-utils": {
      "version": "0.1.0",
      "license": "MIT",
      "dependencies": {
        "is-wsl": "^3.1.0"
      },
      "engines": {
        "node": ">=18"
      },
      "funding": {
        "url": "https://github.com/sponsors/sindresorhus"
      }
    }
  }
}
